
Microsoft Visual Studio Solution File, Format Version 12.00
# Visual Studio Version 17
VisualStudioVersion = 17.10.35122.118
MinimumVisualStudioVersion = 10.0.40219.1
Project("{FAE04EC0-301F-11D3-BF4B-00C04F79EFBC}") = "RepakExplorer", "RepakExplorer\RepakExplorer.csproj", "{0CC2E416-BE58-4273-AB1E-18D6EC3AEEFD}"
EndProject
Global
	GlobalSection(SolutionConfigurationPlatforms) = preSolution
		Debug|Any CPU = Debug|Any CPU
		Release|Any CPU = Release|Any CPU
	EndGlobalSection
	GlobalSection(ProjectConfigurationPlatforms) = postSolution
		{0CC2E416-BE58-4273-AB1E-18D6EC3AEEFD}.Debug|Any CPU.ActiveCfg = Debug|Any CPU
		{0CC2E416-BE58-4273-AB1E-18D6EC3AEEFD}.Debug|Any CPU.Build.0 = Debug|Any CPU
		{0CC2E416-BE58-4273-AB1E-18D6EC3AEEFD}.Release|Any CPU.ActiveCfg = Release|Any CPU
		{0CC2E416-BE58-4273-AB1E-18D6EC3AEEFD}.Release|Any CPU.Build.0 = Release|Any CPU
	EndGlobalSection
	GlobalSection(SolutionProperties) = preSolution
		HideSolutionNode = FALSE
	EndGlobalSection
	GlobalSection(ExtensibilityGlobals) = postSolution
		SolutionGuid = {5F7FED43-55DA-4127-A578-12E999287120}
	EndGlobalSection
EndGlobal
